
Microsoft Visual Studio Solution File, Format Version 12.00
# Visual Studio Version 16
VisualStudioVersion = 16.0.30907.101
MinimumVisualStudioVersion = 10.0.40219.1
Project("{FAE04EC0-301F-11D3-BF4B-00C04F79EFBC}") = "2020-2021 Bahar Dönemi 2. Ödev 2. Soru", "2020-2021 Bahar Dönemi 2. Ödev 2. Soru\2020-2021 Bahar Dönemi 2. Ödev 2. Soru.csproj", "{7BC82A6D-F9F0-41D9-A1A2-616C3A5A393D}"
EndProject
Global
	GlobalSection(SolutionConfigurationPlatforms) = preSolution
		Debug|Any CPU = Debug|Any CPU
		Release|Any CPU = Release|Any CPU
	EndGlobalSection
	GlobalSection(ProjectConfigurationPlatforms) = postSolution
		{7BC82A6D-F9F0-41D9-A1A2-616C3A5A393D}.Debug|Any CPU.ActiveCfg = Debug|Any CPU
		{7BC82A6D-F9F0-41D9-A1A2-616C3A5A393D}.Debug|Any CPU.Build.0 = Debug|Any CPU
		{7BC82A6D-F9F0-41D9-A1A2-616C3A5A393D}.Release|Any CPU.ActiveCfg = Release|Any CPU
		{7BC82A6D-F9F0-41D9-A1A2-616C3A5A393D}.Release|Any CPU.Build.0 = Release|Any CPU
	EndGlobalSection
	GlobalSection(SolutionProperties) = preSolution
		HideSolutionNode = FALSE
	EndGlobalSection
	GlobalSection(ExtensibilityGlobals) = postSolution
		SolutionGuid = {6A7FA7F5-90E7-446C-9145-BCBF144605BD}
	EndGlobalSection
EndGlobal
